Microsoft Visual Studio Solution File, Format Version 12.00
# Visual Studio Version 17
VisualStudioVersion = 17.5.2.0
MinimumVisualStudioVersion = 10.0.40219.1
Project("{2150E333-8FDC-42A3-9474-1A3956D46DE8}") = "Classes", "Classes", "{6A8505AE-38D6-29C8-A789-2A25D546B4DE}"
EndProject
Project("{2150E333-8FDC-42A3-9474-1A3956D46DE8}") = "Functions", "Functions", "{46899413-A1AD-7709-F42F-DC74916C2577}"
EndProject
Project("{2150E333-8FDC-42A3-9474-1A3956D46DE8}") = "Overview", "Overview", "{CD118C99-9C78-EC4E-B22F-1D9ACD904732}"
EndProject
Project("{2150E333-8FDC-42A3-9474-1A3956D46DE8}") = "Program Flow", "Program Flow", "{8313298A-2400-713B-5E2B-6EC39E6F4617}"
EndProject
Project("{2150E333-8FDC-42A3-9474-1A3956D46DE8}") = "Strings", "Strings", "{B234BC16-7985-3BC1-C397-26187CD4EB05}"
EndProject
Project("{FAE04EC0-301F-11D3-BF4B-00C04F79EFBC}") = "Defining", "Classes\Defining\Defining.csproj", "{B91E8007-02D0-91B5-C64E-0762DF791E79}"
EndProject
Project("{FAE04EC0-301F-11D3-BF4B-00C04F79EFBC}") = "Inheritance", "Classes\Inheritance\Inheritance.csproj", "{063C49A3-FA73-46B2-B44F-9F8B1749425B}"
EndProject
Project("{FAE04EC0-301F-11D3-BF4B-00C04F79EFBC}") = "Modifiers", "Classes\Modifiers\Modifiers.csproj", "{5DCBA64A-59B0-35F8-E7E0-B4F13D6EE7BE}"
EndProject
Project("{FAE04EC0-301F-11D3-BF4B-00C04F79EFBC}") = "Properties", "Classes\Properties\Properties.csproj", "{ED899C42-51A9-DE81-6EC3-1B2DB3B6581C}"
EndProject
Project("{FAE04EC0-301F-11D3-BF4B-00C04F79EFBC}") = "StringRep", "Classes\StringRep\StringRep.csproj", "{F542397B-0998-DEB7-B100-DAE4D886121D}"
EndProject
Project("{FAE04EC0-301F-11D3-BF4B-00C04F79EFBC}") = "Basics", "Functions\Basics\Basics.csproj", "{7EAAAD9F-AC9D-C37E-356B-8B4D93421AAA}"
EndProject
Project("{FAE04EC0-301F-11D3-BF4B-00C04F79EFBC}") = "Params", "Functions\DefaultParams\Params.csproj", "{B5F3A660-F2A6-11E6-ED64-4353C847869B}"
EndProject
Project("{FAE04EC0-301F-11D3-BF4B-00C04F79EFBC}") = "MultiValues", "Functions\MultiValues\MultiValues.csproj", "{EBC9B67F-3ADB-C2AC-2F9E-4F1174C7F0EA}"
EndProject
Project("{FAE04EC0-301F-11D3-BF4B-00C04F79EFBC}") = "RefAndOut", "Functions\RefAndOutParams\RefAndOut.csproj", "{6184BBA6-5826-8C1F-5C0F-0FE5F909002E}"
EndProject
Project("{FAE04EC0-301F-11D3-BF4B-00C04F79EFBC}") = "Comments", "Overview\Comments\Comments.csproj", "{ED3CE4E6-7A38-F52B-5728-B1CA1A54AE71}"
EndProject
Project("{FAE04EC0-301F-11D3-BF4B-00C04F79EFBC}") = "HelloWorld", "Overview\HelloWorld\HelloWorld.csproj", "{40351EC3-3F5B-0B61-D85C-AB0FD87556C3}"
EndProject
Project("{FAE04EC0-301F-11D3-BF4B-00C04F79EFBC}") = "Operators", "Overview\Operators\Operators.csproj", "{AFBAAA62-6F70-E6C2-5DBC-A7DBA65E43C4}"
EndProject
Project("{FAE04EC0-301F-11D3-BF4B-00C04F79EFBC}") = "VarsAndData", "Overview\VarsAndData\VarsAndData.csproj", "{FDFFF722-87FA-1CD6-6CA1-989450DA29D2}"
EndProject
Project("{FAE04EC0-301F-11D3-BF4B-00C04F79EFBC}") = "BreakContinue", "Program Flow\BreakContinue\BreakContinue.csproj", "{F265D2A0-3631-3E33-51B2-07F3829A66D4}"
EndProject
Project("{FAE04EC0-301F-11D3-BF4B-00C04F79EFBC}") = "Conditionals", "Program Flow\Conditional-if\Conditionals.csproj", "{C35C15E5-7634-AB68-331E-F88092DFBEC7}"
EndProject
Project("{FAE04EC0-301F-11D3-BF4B-00C04F79EFBC}") = "ConditionalOps", "Program Flow\Conditional-switch\ConditionalOps.csproj", "{78F0E7D1-BF38-A266-8ED6-82FCB0482221}"
EndProject
Project("{FAE04EC0-301F-11D3-BF4B-00C04F79EFBC}") = "Exceptions", "Program Flow\Exceptions\Exceptions.csproj", "{A36458D1-A79D-058A-F826-2CC1326BDCB5}"
EndProject
Project("{FAE04EC0-301F-11D3-BF4B-00C04F79EFBC}") = "ForLoops", "Program Flow\ForLoops\ForLoops.csproj", "{3681A0D1-9C4F-CF91-E895-93FA811BA833}"
EndProject
Project("{FAE04EC0-301F-11D3-BF4B-00C04F79EFBC}") = "WhileLoops", "Program Flow\WhileLoops\WhileLoops.csproj", "{21E1636E-4D13-4377-AA14-4FA1CB0AB7D6}"
EndProject
Project("{FAE04EC0-301F-11D3-BF4B-00C04F79EFBC}") = "Builder", "Strings\Builder\Builder.csproj", "{D302A048-4C64-F640-3A51-1FA349F5E7A3}"
EndProject
Project("{FAE04EC0-301F-11D3-BF4B-00C04F79EFBC}") = "Formatting", "Strings\Formatting\Formatting.csproj", "{C228D34E-B771-5F4F-CF77-19E893B1D346}"
EndProject
Project("{FAE04EC0-301F-11D3-BF4B-00C04F79EFBC}") = "Strings", "Strings\Interpolation\Strings.csproj", "{21E50629-08D7-2085-1C1F-8BE83C997A56}"
EndProject
Project("{FAE04EC0-301F-11D3-BF4B-00C04F79EFBC}") = "Operations", "Strings\Operations\Operations.csproj", "{E7BA87BA-5424-6D15-F22F-469F3DC1B0FB}"
EndProject
Project("{FAE04EC0-301F-11D3-BF4B-00C04F79EFBC}") = "Parsing", "Strings\Parsing\Parsing.csproj", "{505CE1C1-CBF1-A45E-1762-2F7303F87594}"
EndProject
Global
	GlobalSection(SolutionConfigurationPlatforms) = preSolution
		Debug|Any CPU = Debug|Any CPU
		Release|Any CPU = Release|Any CPU
	EndGlobalSection
	GlobalSection(ProjectConfigurationPlatforms) = postSolution
		{B91E8007-02D0-91B5-C64E-0762DF791E79}.Debug|Any CPU.ActiveCfg = Debug|Any CPU
		{B91E8007-02D0-91B5-C64E-0762DF791E79}.Debug|Any CPU.Build.0 = Debug|Any CPU
		{B91E8007-02D0-91B5-C64E-0762DF791E79}.Release|Any CPU.ActiveCfg = Release|Any CPU
		{B91E8007-02D0-91B5-C64E-0762DF791E79}.Release|Any CPU.Build.0 = Release|Any CPU
		{063C49A3-FA73-46B2-B44F-9F8B1749425B}.Debug|Any CPU.ActiveCfg = Debug|Any CPU
		{063C49A3-FA73-46B2-B44F-9F8B1749425B}.Debug|Any CPU.Build.0 = Debug|Any CPU
		{063C49A3-FA73-46B2-B44F-9F8B1749425B}.Release|Any CPU.ActiveCfg = Release|Any CPU
		{063C49A3-FA73-46B2-B44F-9F8B1749425B}.Release|Any CPU.Build.0 = Release|Any CPU
		{5DCBA64A-59B0-35F8-E7E0-B4F13D6EE7BE}.Debug|Any CPU.ActiveCfg = Debug|Any CPU
		{5DCBA64A-59B0-35F8-E7E0-B4F13D6EE7BE}.Debug|Any CPU.Build.0 = Debug|Any CPU
		{5DCBA64A-59B0-35F8-E7E0-B4F13D6EE7BE}.Release|Any CPU.ActiveCfg = Release|Any CPU
		{5DCBA64A-59B0-35F8-E7E0-B4F13D6EE7BE}.Release|Any CPU.Build.0 = Release|Any CPU
		{ED899C42-51A9-DE81-6EC3-1B2DB3B6581C}.Debug|Any CPU.ActiveCfg = Debug|Any CPU
		{ED899C42-51A9-DE81-6EC3-1B2DB3B6581C}.Debug|Any CPU.Build.0 = Debug|Any CPU
		{ED899C42-51A9-DE81-6EC3-1B2DB3B6581C}.Release|Any CPU.ActiveCfg = Release|Any CPU
		{ED899C42-51A9-DE81-6EC3-1B2DB3B6581C}.Release|Any CPU.Build.0 = Release|Any CPU
		{F542397B-0998-DEB7-B100-DAE4D886121D}.Debug|Any CPU.ActiveCfg = Debug|Any CPU
		{F542397B-0998-DEB7-B100-DAE4D886121D}.Debug|Any CPU.Build.0 = Debug|Any CPU
		{F542397B-0998-DEB7-B100-DAE4D886121D}.Release|Any CPU.ActiveCfg = Release|Any CPU
		{F542397B-0998-DEB7-B100-DAE4D886121D}.Release|Any CPU.Build.0 = Release|Any CPU
		{7EAAAD9F-AC9D-C37E-356B-8B4D93421AAA}.Debug|Any CPU.ActiveCfg = Debug|Any CPU
		{7EAAAD9F-AC9D-C37E-356B-8B4D93421AAA}.Debug|Any CPU.Build.0 = Debug|Any CPU
		{7EAAAD9F-AC9D-C37E-356B-8B4D93421AAA}.Release|Any CPU.ActiveCfg = Release|Any CPU
		{7EAAAD9F-AC9D-C37E-356B-8B4D93421AAA}.Release|Any CPU.Build.0 = Release|Any CPU
		{B5F3A660-F2A6-11E6-ED64-4353C847869B}.Debug|Any CPU.ActiveCfg = Debug|Any CPU
		{B5F3A660-F2A6-11E6-ED64-4353C847869B}.Debug|Any CPU.Build.0 = Debug|Any CPU
		{B5F3A660-F2A6-11E6-ED64-4353C847869B}.Release|Any CPU.ActiveCfg = Release|Any CPU
		{B5F3A660-F2A6-11E6-ED64-4353C847869B}.Release|Any CPU.Build.0 = Release|Any CPU
		{EBC9B67F-3ADB-C2AC-2F9E-4F1174C7F0EA}.Debug|Any CPU.ActiveCfg = Debug|Any CPU
		{EBC9B67F-3ADB-C2AC-2F9E-4F1174C7F0EA}.Debug|Any CPU.Build.0 = Debug|Any CPU
		{EBC9B67F-3ADB-C2AC-2F9E-4F1174C7F0EA}.Release|Any CPU.ActiveCfg = Release|Any CPU
		{EBC9B67F-3ADB-C2AC-2F9E-4F1174C7F0EA}.Release|Any CPU.Build.0 = Release|Any CPU
		{6184BBA6-5826-8C1F-5C0F-0FE5F909002E}.Debug|Any CPU.ActiveCfg = Debug|Any CPU
		{6184BBA6-5826-8C1F-5C0F-0FE5F909002E}.Debug|Any CPU.Build.0 = Debug|Any CPU
		{6184BBA6-5826-8C1F-5C0F-0FE5F909002E}.Release|Any CPU.ActiveCfg = Release|Any CPU
		{6184BBA6-5826-8C1F-5C0F-0FE5F909002E}.Release|Any CPU.Build.0 = Release|Any CPU
		{ED3CE4E6-7A38-F52B-5728-B1CA1A54AE71}.Debug|Any CPU.ActiveCfg = Debug|Any CPU
		{ED3CE4E6-7A38-F52B-5728-B1CA1A54AE71}.Debug|Any CPU.Build.0 = Debug|Any CPU
		{ED3CE4E6-7A38-F52B-5728-B1CA1A54AE71}.Release|Any CPU.ActiveCfg = Release|Any CPU
		{ED3CE4E6-7A38-F52B-5728-B1CA1A54AE71}.Release|Any CPU.Build.0 = Release|Any CPU
		{40351EC3-3F5B-0B61-D85C-AB0FD87556C3}.Debug|Any CPU.ActiveCfg = Debug|Any CPU
		{40351EC3-3F5B-0B61-D85C-AB0FD87556C3}.Debug|Any CPU.Build.0 = Debug|Any CPU
		{40351EC3-3F5B-0B61-D85C-AB0FD87556C3}.Release|Any CPU.ActiveCfg = Release|Any CPU
		{40351EC3-3F5B-0B61-D85C-AB0FD87556C3}.Release|Any CPU.Build.0 = Release|Any CPU
		{AFBAAA62-6F70-E6C2-5DBC-A7DBA65E43C4}.Debug|Any CPU.ActiveCfg = Debug|Any CPU
		{AFBAAA62-6F70-E6C2-5DBC-A7DBA65E43C4}.Debug|Any CPU.Build.0 = Debug|Any CPU
		{AFBAAA62-6F70-E6C2-5DBC-A7DBA65E43C4}.Release|Any CPU.ActiveCfg = Release|Any CPU
		{AFBAAA62-6F70-E6C2-5DBC-A7DBA65E43C4}.Release|Any CPU.Build.0 = Release|Any CPU
		{FDFFF722-87FA-1CD6-6CA1-989450DA29D2}.Debug|Any CPU.ActiveCfg = Debug|Any CPU
		{FDFFF722-87FA-1CD6-6CA1-989450DA29D2}.Debug|Any CPU.Build.0 = Debug|Any CPU
		{FDFFF722-87FA-1CD6-6CA1-989450DA29D2}.Release|Any CPU.ActiveCfg = Release|Any CPU
		{FDFFF722-87FA-1CD6-6CA1-989450DA29D2}.Release|Any CPU.Build.0 = Release|Any CPU
		{F265D2A0-3631-3E33-51B2-07F3829A66D4}.Debug|Any CPU.ActiveCfg = Debug|Any CPU
		{F265D2A0-3631-3E33-51B2-07F3829A66D4}.Debug|Any CPU.Build.0 = Debug|Any CPU
		{F265D2A0-3631-3E33-51B2-07F3829A66D4}.Release|Any CPU.ActiveCfg = Release|Any CPU
		{F265D2A0-3631-3E33-51B2-07F3829A66D4}.Release|Any CPU.Build.0 = Release|Any CPU
		{C35C15E5-7634-AB68-331E-F88092DFBEC7}.Debug|Any CPU.ActiveCfg = Debug|Any CPU
		{C35C15E5-7634-AB68-331E-F88092DFBEC7}.Debug|Any CPU.Build.0 = Debug|Any CPU
		{C35C15E5-7634-AB68-331E-F88092DFBEC7}.Release|Any CPU.ActiveCfg = Release|Any CPU
		{C35C15E5-7634-AB68-331E-F88092DFBEC7}.Release|Any CPU.Build.0 = Release|Any CPU
		{78F0E7D1-BF38-A266-8ED6-82FCB0482221}.Debug|Any CPU.ActiveCfg = Debug|Any CPU
		{78F0E7D1-BF38-A266-8ED6-82FCB0482221}.Debug|Any CPU.Build.0 = Debug|Any CPU
		{78F0E7D1-BF38-A266-8ED6-82FCB0482221}.Release|Any CPU.ActiveCfg = Release|Any CPU
		{78F0E7D1-BF38-A266-8ED6-82FCB0482221}.Release|Any CPU.Build.0 = Release|Any CPU
		{A36458D1-A79D-058A-F826-2CC1326BDCB5}.Debug|Any CPU.ActiveCfg = Debug|Any CPU
		{A36458D1-A79D-058A-F826-2CC1326BDCB5}.Debug|Any CPU.Build.0 = Debug|Any CPU
		{A36458D1-A79D-058A-F826-2CC1326BDCB5}.Release|Any CPU.ActiveCfg = Release|Any CPU
		{A36458D1-A79D-058A-F826-2CC1326BDCB5}.Release|Any CPU.Build.0 = Release|Any CPU
		{3681A0D1-9C4F-CF91-E895-93FA811BA833}.Debug|Any CPU.ActiveCfg = Debug|Any CPU
		{3681A0D1-9C4F-CF91-E895-93FA811BA833}.Debug|Any CPU.Build.0 = Debug|Any CPU
		{3681A0D1-9C4F-CF91-E895-93FA811BA833}.Release|Any CPU.ActiveCfg = Release|Any CPU
		{3681A0D1-9C4F-CF91-E895-93FA811BA833}.Release|Any CPU.Build.0 = Release|Any CPU
		{21E1636E-4D13-4377-AA14-4FA1CB0AB7D6}.Debug|Any CPU.ActiveCfg = Debug|Any CPU
		{21E1636E-4D13-4377-AA14-4FA1CB0AB7D6}.Debug|Any CPU.Build.0 = Debug|Any CPU
		{21E1636E-4D13-4377-AA14-4FA1CB0AB7D6}.Release|Any CPU.ActiveCfg = Release|Any CPU
		{21E1636E-4D13-4377-AA14-4FA1CB0AB7D6}.Release|Any CPU.Build.0 = Release|Any CPU
		{D302A048-4C64-F640-3A51-1FA349F5E7A3}.Debug|Any CPU.ActiveCfg = Debug|Any CPU
		{D302A048-4C64-F640-3A51-1FA349F5E7A3}.Debug|Any CPU.Build.0 = Debug|Any CPU
		{D302A048-4C64-F640-3A51-1FA349F5E7A3}.Release|Any CPU.ActiveCfg = Release|Any CPU
		{D302A048-4C64-F640-3A51-1FA349F5E7A3}.Release|Any CPU.Build.0 = Release|Any CPU
		{C228D34E-B771-5F4F-CF77-19E893B1D346}.Debug|Any CPU.ActiveCfg = Debug|Any CPU
		{C228D34E-B771-5F4F-CF77-19E893B1D346}.Debug|Any CPU.Build.0 = Debug|Any CPU
		{C228D34E-B771-5F4F-CF77-19E893B1D346}.Release|Any CPU.ActiveCfg = Release|Any CPU
		{C228D34E-B771-5F4F-CF77-19E893B1D346}.Release|Any CPU.Build.0 = Release|Any CPU
		{21E50629-08D7-2085-1C1F-8BE83C997A56}.Debug|Any CPU.ActiveCfg = Debug|Any CPU
		{21E50629-08D7-2085-1C1F-8BE83C997A56}.Debug|Any CPU.Build.0 = Debug|Any CPU
		{21E50629-08D7-2085-1C1F-8BE83C997A56}.Release|Any CPU.ActiveCfg = Release|Any CPU
		{21E50629-08D7-2085-1C1F-8BE83C997A56}.Release|Any CPU.Build.0 = Release|Any CPU
		{E7BA87BA-5424-6D15-F22F-469F3DC1B0FB}.Debug|Any CPU.ActiveCfg = Debug|Any CPU
		{E7BA87BA-5424-6D15-F22F-469F3DC1B0FB}.Debug|Any CPU.Build.0 = Debug|Any CPU
		{E7BA87BA-5424-6D15-F22F-469F3DC1B0FB}.Release|Any CPU.ActiveCfg = Release|Any CPU
		{E7BA87BA-5424-6D15-F22F-469F3DC1B0FB}.Release|Any CPU.Build.0 = Release|Any CPU
		{505CE1C1-CBF1-A45E-1762-2F7303F87594}.Debug|Any CPU.ActiveCfg = Debug|Any CPU
		{505CE1C1-CBF1-A45E-1762-2F7303F87594}.Debug|Any CPU.Build.0 = Debug|Any CPU
		{505CE1C1-CBF1-A45E-1762-2F7303F87594}.Release|Any CPU.ActiveCfg = Release|Any CPU
		{505CE1C1-CBF1-A45E-1762-2F7303F87594}.Release|Any CPU.Build.0 = Release|Any CPU
	EndGlobalSection
	GlobalSection(SolutionProperties) = preSolution
		HideSolutionNode = FALSE
	EndGlobalSection
	GlobalSection(NestedProjects) = preSolution
		{B91E8007-02D0-91B5-C64E-0762DF791E79} = {6A8505AE-38D6-29C8-A789-2A25D546B4DE}
		{063C49A3-FA73-46B2-B44F-9F8B1749425B} = {6A8505AE-38D6-29C8-A789-2A25D546B4DE}
		{5DCBA64A-59B0-35F8-E7E0-B4F13D6EE7BE} = {6A8505AE-38D6-29C8-A789-2A25D546B4DE}
		{ED899C42-51A9-DE81-6EC3-1B2DB3B6581C} = {6A8505AE-38D6-29C8-A789-2A25D546B4DE}
		{F542397B-0998-DEB7-B100-DAE4D886121D} = {6A8505AE-38D6-29C8-A789-2A25D546B4DE}
		{7EAAAD9F-AC9D-C37E-356B-8B4D93421AAA} = {46899413-A1AD-7709-F42F-DC74916C2577}
		{B5F3A660-F2A6-11E6-ED64-4353C847869B} = {46899413-A1AD-7709-F42F-DC74916C2577}
		{EBC9B67F-3ADB-C2AC-2F9E-4F1174C7F0EA} = {46899413-A1AD-7709-F42F-DC74916C2577}
		{6184BBA6-5826-8C1F-5C0F-0FE5F909002E} = {46899413-A1AD-7709-F42F-DC74916C2577}
		{ED3CE4E6-7A38-F52B-5728-B1CA1A54AE71} = {CD118C99-9C78-EC4E-B22F-1D9ACD904732}
		{40351EC3-3F5B-0B61-D85C-AB0FD87556C3} = {CD118C99-9C78-EC4E-B22F-1D9ACD904732}
		{AFBAAA62-6F70-E6C2-5DBC-A7DBA65E43C4} = {CD118C99-9C78-EC4E-B22F-1D9ACD904732}
		{FDFFF722-87FA-1CD6-6CA1-989450DA29D2} = {CD118C99-9C78-EC4E-B22F-1D9ACD904732}
		{F265D2A0-3631-3E33-51B2-07F3829A66D4} = {8313298A-2400-713B-5E2B-6EC39E6F4617}
		{C35C15E5-7634-AB68-331E-F88092DFBEC7} = {8313298A-2400-713B-5E2B-6EC39E6F4617}
		{78F0E7D1-BF38-A266-8ED6-82FCB0482221} = {8313298A-2400-713B-5E2B-6EC39E6F4617}
		{A36458D1-A79D-058A-F826-2CC1326BDCB5} = {8313298A-2400-713B-5E2B-6EC39E6F4617}
		{3681A0D1-9C4F-CF91-E895-93FA811BA833} = {8313298A-2400-713B-5E2B-6EC39E6F4617}
		{21E1636E-4D13-4377-AA14-4FA1CB0AB7D6} = {8313298A-2400-713B-5E2B-6EC39E6F4617}
		{D302A048-4C64-F640-3A51-1FA349F5E7A3} = {B234BC16-7985-3BC1-C397-26187CD4EB05}
		{C228D34E-B771-5F4F-CF77-19E893B1D346} = {B234BC16-7985-3BC1-C397-26187CD4EB05}
		{21E50629-08D7-2085-1C1F-8BE83C997A56} = {B234BC16-7985-3BC1-C397-26187CD4EB05}
		{E7BA87BA-5424-6D15-F22F-469F3DC1B0FB} = {B234BC16-7985-3BC1-C397-26187CD4EB05}
		{505CE1C1-CBF1-A45E-1762-2F7303F87594} = {B234BC16-7985-3BC1-C397-26187CD4EB05}
	EndGlobalSection
	GlobalSection(ExtensibilityGlobals) = postSolution
		SolutionGuid = {4C561DB3-59A0-496E-9EB8-7FA59CBAD0DD}
	EndGlobalSection
EndGlobal
